
Microsoft Visual Studio Solution File, Format Version 12.00
# Visual Studio Version 17
VisualStudioVersion = 17.13.35913.81
MinimumVisualStudioVersion = 10.0.40219.1
Project("{FAE04EC0-301F-11D3-BF4B-00C04F79EFBC}") = "BookTableReservation", "BookTableReservation\BookTableReservation.csproj", "{2572D830-A365-40D2-A2C3-3FAB97BED205}"
EndProject
Project("{FAE04EC0-301F-11D3-BF4B-00C04F79EFBC}") = "UnitTestingBookingTableReservation", "TestingBookingTableReservation\UnitTestingBookingTableReservation.csproj", "{FFD0DEA8-0209-4F80-AF04-D9B76B113C5F}"
EndProject
Project("{FAE04EC0-301F-11D3-BF4B-00C04F79EFBC}") = "IntergatedTestBookTableReservation", "IntergatedTestBookTableReservation\IntergatedTestBookTableReservation.csproj", "{CB2C59BE-B7FE-4A36-9581-58DCCF424B70}"
EndProject
Global
	GlobalSection(SolutionConfigurationPlatforms) = preSolution
		Debug|Any CPU = Debug|Any CPU
		Debug|x64 = Debug|x64
		Debug|x86 = Debug|x86
		Release|Any CPU = Release|Any CPU
		Release|x64 = Release|x64
		Release|x86 = Release|x86
	EndGlobalSection
	GlobalSection(ProjectConfigurationPlatforms) = postSolution
		{2572D830-A365-40D2-A2C3-3FAB97BED205}.Debug|Any CPU.ActiveCfg = Debug|Any CPU
		{2572D830-A365-40D2-A2C3-3FAB97BED205}.Debug|Any CPU.Build.0 = Debug|Any CPU
		{2572D830-A365-40D2-A2C3-3FAB97BED205}.Debug|x64.ActiveCfg = Debug|Any CPU
		{2572D830-A365-40D2-A2C3-3FAB97BED205}.Debug|x64.Build.0 = Debug|Any CPU
		{2572D830-A365-40D2-A2C3-3FAB97BED205}.Debug|x86.ActiveCfg = Debug|Any CPU
		{2572D830-A365-40D2-A2C3-3FAB97BED205}.Debug|x86.Build.0 = Debug|Any CPU
		{2572D830-A365-40D2-A2C3-3FAB97BED205}.Release|Any CPU.ActiveCfg = Release|Any CPU
		{2572D830-A365-40D2-A2C3-3FAB97BED205}.Release|Any CPU.Build.0 = Release|Any CPU
		{2572D830-A365-40D2-A2C3-3FAB97BED205}.Release|x64.ActiveCfg = Release|Any CPU
		{2572D830-A365-40D2-A2C3-3FAB97BED205}.Release|x64.Build.0 = Release|Any CPU
		{2572D830-A365-40D2-A2C3-3FAB97BED205}.Release|x86.ActiveCfg = Release|Any CPU
		{2572D830-A365-40D2-A2C3-3FAB97BED205}.Release|x86.Build.0 = Release|Any CPU
		{FFD0DEA8-0209-4F80-AF04-D9B76B113C5F}.Debug|Any CPU.ActiveCfg = Debug|Any CPU
		{FFD0DEA8-0209-4F80-AF04-D9B76B113C5F}.Debug|Any CPU.Build.0 = Debug|Any CPU
		{FFD0DEA8-0209-4F80-AF04-D9B76B113C5F}.Debug|x64.ActiveCfg = Debug|Any CPU
		{FFD0DEA8-0209-4F80-AF04-D9B76B113C5F}.Debug|x64.Build.0 = Debug|Any CPU
		{FFD0DEA8-0209-4F80-AF04-D9B76B113C5F}.Debug|x86.ActiveCfg = Debug|Any CPU
		{FFD0DEA8-0209-4F80-AF04-D9B76B113C5F}.Debug|x86.Build.0 = Debug|Any CPU
		{FFD0DEA8-0209-4F80-AF04-D9B76B113C5F}.Release|Any CPU.ActiveCfg = Release|Any CPU
		{FFD0DEA8-0209-4F80-AF04-D9B76B113C5F}.Release|Any CPU.Build.0 = Release|Any CPU
		{FFD0DEA8-0209-4F80-AF04-D9B76B113C5F}.Release|x64.ActiveCfg = Release|Any CPU
		{FFD0DEA8-0209-4F80-AF04-D9B76B113C5F}.Release|x64.Build.0 = Release|Any CPU
		{FFD0DEA8-0209-4F80-AF04-D9B76B113C5F}.Release|x86.ActiveCfg = Release|Any CPU
		{FFD0DEA8-0209-4F80-AF04-D9B76B113C5F}.Release|x86.Build.0 = Release|Any CPU
		{CB2C59BE-B7FE-4A36-9581-58DCCF424B70}.Debug|Any CPU.ActiveCfg = Debug|Any CPU
		{CB2C59BE-B7FE-4A36-9581-58DCCF424B70}.Debug|Any CPU.Build.0 = Debug|Any CPU
		{CB2C59BE-B7FE-4A36-9581-58DCCF424B70}.Debug|x64.ActiveCfg = Debug|Any CPU
		{CB2C59BE-B7FE-4A36-9581-58DCCF424B70}.Debug|x64.Build.0 = Debug|Any CPU
		{CB2C59BE-B7FE-4A36-9581-58DCCF424B70}.Debug|x86.ActiveCfg = Debug|Any CPU
		{CB2C59BE-B7FE-4A36-9581-58DCCF424B70}.Debug|x86.Build.0 = Debug|Any CPU
		{CB2C59BE-B7FE-4A36-9581-58DCCF424B70}.Release|Any CPU.ActiveCfg = Release|Any CPU
		{CB2C59BE-B7FE-4A36-9581-58DCCF424B70}.Release|Any CPU.Build.0 = Release|Any CPU
		{CB2C59BE-B7FE-4A36-9581-58DCCF424B70}.Release|x64.ActiveCfg = Release|Any CPU
		{CB2C59BE-B7FE-4A36-9581-58DCCF424B70}.Release|x64.Build.0 = Release|Any CPU
		{CB2C59BE-B7FE-4A36-9581-58DCCF424B70}.Release|x86.ActiveCfg = Release|Any CPU
		{CB2C59BE-B7FE-4A36-9581-58DCCF424B70}.Release|x86.Build.0 = Release|Any CPU
	EndGlobalSection
	GlobalSection(SolutionProperties) = preSolution
		HideSolutionNode = FALSE
	EndGlobalSection
	GlobalSection(ExtensibilityGlobals) = postSolution
		SolutionGuid = {9B00AACD-DAD7-497E-B513-31AAFF60AEC0}
	EndGlobalSection
EndGlobal
